
Microsoft Visual Studio Solution File, Format Version 12.00
# Visual Studio Version 17
VisualStudioVersion = 17.8.34511.84
MinimumVisualStudioVersion = 10.0.40219.1
Project("{FAE04EC0-301F-11D3-BF4B-00C04F79EFBC}") = "Connection", "Connection\Connection.csproj", "{E40CDD4F-8B44-4CE1-A108-61E19E3B52A4}"
EndProject
Project("{FAE04EC0-301F-11D3-BF4B-00C04F79EFBC}") = "ExecuteRawSql", "ExecuteRawSql\ExecuteRawSql.csproj", "{889AFB6B-3087-4101-8CB6-EE5382D2894D}"
EndProject
Project("{FAE04EC0-301F-11D3-BF4B-00C04F79EFBC}") = "ExecuteInsertRawSql", "ExecuteInsertRawSql\ExecuteInsertRawSql.csproj", "{C8FEB273-8932-4AE1-9727-DF1883F2C0DF}"
EndProject
Project("{FAE04EC0-301F-11D3-BF4B-00C04F79EFBC}") = "InsertStoredProcedure", "InsertStoredProcedure\InsertStoredProcedure.csproj", "{60944010-F15A-4519-8198-E903D0E3F9E0}"
EndProject
Project("{FAE04EC0-301F-11D3-BF4B-00C04F79EFBC}") = "UpdateRawSql", "UpdateRawSql\UpdateRawSql.csproj", "{D972F882-0A43-4FC3-9398-8CF0C80E9EA9}"
EndProject
Project("{FAE04EC0-301F-11D3-BF4B-00C04F79EFBC}") = "DeleteRawSql", "DeleteRawSql\DeleteRawSql.csproj", "{87F6BD8E-EB6A-4ECA-8386-BBCDA274072B}"
EndProject
Global
	GlobalSection(SolutionConfigurationPlatforms) = preSolution
		Debug|Any CPU = Debug|Any CPU
		Release|Any CPU = Release|Any CPU
	EndGlobalSection
	GlobalSection(ProjectConfigurationPlatforms) = postSolution
		{E40CDD4F-8B44-4CE1-A108-61E19E3B52A4}.Debug|Any CPU.ActiveCfg = Debug|Any CPU
		{E40CDD4F-8B44-4CE1-A108-61E19E3B52A4}.Debug|Any CPU.Build.0 = Debug|Any CPU
		{E40CDD4F-8B44-4CE1-A108-61E19E3B52A4}.Release|Any CPU.ActiveCfg = Release|Any CPU
		{E40CDD4F-8B44-4CE1-A108-61E19E3B52A4}.Release|Any CPU.Build.0 = Release|Any CPU
		{889AFB6B-3087-4101-8CB6-EE5382D2894D}.Debug|Any CPU.ActiveCfg = Debug|Any CPU
		{889AFB6B-3087-4101-8CB6-EE5382D2894D}.Debug|Any CPU.Build.0 = Debug|Any CPU
		{889AFB6B-3087-4101-8CB6-EE5382D2894D}.Release|Any CPU.ActiveCfg = Release|Any CPU
		{889AFB6B-3087-4101-8CB6-EE5382D2894D}.Release|Any CPU.Build.0 = Release|Any CPU
		{C8FEB273-8932-4AE1-9727-DF1883F2C0DF}.Debug|Any CPU.ActiveCfg = Debug|Any CPU
		{C8FEB273-8932-4AE1-9727-DF1883F2C0DF}.Debug|Any CPU.Build.0 = Debug|Any CPU
		{C8FEB273-8932-4AE1-9727-DF1883F2C0DF}.Release|Any CPU.ActiveCfg = Release|Any CPU
		{C8FEB273-8932-4AE1-9727-DF1883F2C0DF}.Release|Any CPU.Build.0 = Release|Any CPU
		{60944010-F15A-4519-8198-E903D0E3F9E0}.Debug|Any CPU.ActiveCfg = Debug|Any CPU
		{60944010-F15A-4519-8198-E903D0E3F9E0}.Debug|Any CPU.Build.0 = Debug|Any CPU
		{60944010-F15A-4519-8198-E903D0E3F9E0}.Release|Any CPU.ActiveCfg = Release|Any CPU
		{60944010-F15A-4519-8198-E903D0E3F9E0}.Release|Any CPU.Build.0 = Release|Any CPU
		{D972F882-0A43-4FC3-9398-8CF0C80E9EA9}.Debug|Any CPU.ActiveCfg = Debug|Any CPU
		{D972F882-0A43-4FC3-9398-8CF0C80E9EA9}.Debug|Any CPU.Build.0 = Debug|Any CPU
		{D972F882-0A43-4FC3-9398-8CF0C80E9EA9}.Release|Any CPU.ActiveCfg = Release|Any CPU
		{D972F882-0A43-4FC3-9398-8CF0C80E9EA9}.Release|Any CPU.Build.0 = Release|Any CPU
		{87F6BD8E-EB6A-4ECA-8386-BBCDA274072B}.Debug|Any CPU.ActiveCfg = Debug|Any CPU
		{87F6BD8E-EB6A-4ECA-8386-BBCDA274072B}.Debug|Any CPU.Build.0 = Debug|Any CPU
		{87F6BD8E-EB6A-4ECA-8386-BBCDA274072B}.Release|Any CPU.ActiveCfg = Release|Any CPU
		{87F6BD8E-EB6A-4ECA-8386-BBCDA274072B}.Release|Any CPU.Build.0 = Release|Any CPU
	EndGlobalSection
	GlobalSection(SolutionProperties) = preSolution
		HideSolutionNode = FALSE
	EndGlobalSection
	GlobalSection(ExtensibilityGlobals) = postSolution
		SolutionGuid = {536E60E9-5B63-4C9C-AC69-63CA94EE7300}
	EndGlobalSection
EndGlobal
